{
  "name": "cache-lab",
  "version": "1.0.0",
  "lockfileVersion": 3,
  "requires": true,
  "packages": {
    "": {
      "name": "cache-lab",
      "version": "1.0.0",
      "dependencies": {
        "message-format": "file:packages/message-format"
      }
    },
    "node_modules/message-format": {
      "resolved": "packages/message-format",
      "link": true
    },
    "packages/message-format": {
      "version": "1.0.0"
    }
  }
}
